{
    "_meta": {
        "hash": {
            "sha256": "47c3da296ff84c2860e839a2dfacb847d5186b3c64869f64f1f825658cbaa50f"
        },
        "pipfile-spec": 6,
        "requires": {
            "python_version": "3.6"
        },
        "sources": [
            {
                "name": "pypi",
                "url": "https://pypi.org/simple",
                "verify_ssl": true
            }
        ]
    },
    "default": {
        "decorator": {
            "hashes": [
                "sha256:2c51dff8ef3c447388fe5e4453d24a2bf128d3a4c32af3fabef1f01c6851ab82",
                "sha256:c39efa13fbdeb4506c476c9b3babf6a718da943dab7811c206005a4a956c080c"
            ],
            "version": "==4.3.0"
        },
        "networkx": {
            "hashes": [
                "sha256:45e56f7ab6fe81652fb4bc9f44faddb0e9025f469f602df14e3b2551c2ea5c8b"
            ],
            "index": "pypi",
            "version": "==2.2"
        },
        "pypacker": {
            "hashes": [
                "sha256:da5dd09d30f2603378265da5c11351f5b891ba5cd96458dff31bac6d44cbe4af"
            ],
            "index": "pypi",
            "version": "==4.5"
        }
    },
    "develop": {}
}
